// !$*UTF8*$!
{
	archiveVersion = 1;
	classes = {
	};
	objectVersion = 46;
	objects = {

/* Begin PBXBuildFile section */
		62503F72182C46FF00269B17 /* FacebookSDK.framework in Frameworks */ = {isa = PBXBuildFile; fileRef = 62503F71182C46FF00269B17 /* FacebookSDK.framework */; };
		62503F75182C48B200269B17 /* loginViewController.m in Sources */ = {isa = PBXBuildFile; fileRef = 62503F74182C48B200269B17 /* loginViewController.m */; };
		62503F78182C4EE300269B17 /* BeaconViewController.m in Sources */ = {isa = PBXBuildFile; fileRef = 62503F77182C4EE300269B17 /* BeaconViewController.m */; };
		62503F7A182C66F200269B17 /* Settings.bundle in Resources */ = {isa = PBXBuildFile; fileRef = 62503F79182C66F200269B17 /* Settings.bundle */; };
		62B21568182C096E008A699E /* Foundation.framework in Frameworks */ = {isa = PBXBuildFile; fileRef = 62B21567182C096E008A699E /* Foundation.framework */; };
		62B2156A182C096E008A699E /* CoreGraphics.framework in Frameworks */ = {isa = PBXBuildFile; fileRef = 62B21569182C096E008A699E /* CoreGraphics.framework */; };
		62B2156C182C096E008A699E /* UIKit.framework in Frameworks */ = {isa = PBXBuildFile; fileRef = 62B2156B182C096E008A699E /* UIKit.framework */; };
		62B21572182C096E008A699E /* InfoPlist.strings in Resources */ = {isa = PBXBuildFile; fileRef = 62B21570182C096E008A699E /* InfoPlist.strings */; };
		62B21574182C096E008A699E /* main.m in Sources */ = {isa = PBXBuildFile; fileRef = 62B21573182C096E008A699E /* main.m */; };
		62B21578182C096E008A699E /* AppDelegate.m in Sources */ = {isa = PBXBuildFile; fileRef = 62B21577182C096E008A699E /* AppDelegate.m */; };
		62B2157B182C096E008A699E /* Main_iPhone.storyboard in Resources */ = {isa = PBXBuildFile; fileRef = 62B21579182C096E008A699E /* Main_iPhone.storyboard */; };
		62B21583182C096E008A699E /* Images.xcassets in Resources */ = {isa = PBXBuildFile; fileRef = 62B21582182C096E008A699E /* Images.xcassets */; };
		62B2158A182C096E008A699E /* XCTest.framework in Frameworks */ = {isa = PBXBuildFile; fileRef = 62B21589182C096E008A699E /* XCTest.framework */; };
		62B2158B182C096E008A699E /* Foundation.framework in Frameworks */ = {isa = PBXBuildFile; fileRef = 62B21567182C096E008A699E /* Foundation.framework */; };
		62B2158C182C096E008A699E /* UIKit.framework in Frameworks */ = {isa = PBXBuildFile; fileRef = 62B2156B182C096E008A699E /* UIKit.framework */; };
		62B21594182C096E008A699E /* InfoPlist.strings in Resources */ = {isa = PBXBuildFile; fileRef = 62B21592182C096E008A699E /* InfoPlist.strings */; };
		62B21596182C096E008A699E /* BuyaTests.m in Sources */ = {isa = PBXBuildFile; fileRef = 62B21595182C096E008A699E /* BuyaTests.m */; };
		62B215A1182C120F008A699E /* connectivityObj.m in Sources */ = {isa = PBXBuildFile; fileRef = 62B215A0182C120F008A699E /* connectivityObj.m */; };
		62B215A3182C1226008A699E /* SystemConfiguration.framework in Frameworks */ = {isa = PBXBuildFile; fileRef = 62B215A2182C1226008A699E /* SystemConfiguration.framework */; };
		62B215A5182C185B008A699E /* CoreLocation.framework in Frameworks */ = {isa = PBXBuildFile; fileRef = 62B215A4182C185B008A699E /* CoreLocation.framework */; };
/* End PBXBuildFile section */

/* Begin PBXContainerItemProxy section */
		62B2158D182C096E008A699E /* PBXContainerItemProxy */ = {
			isa = PBXContainerItemProxy;
			containerPortal = 62B2155C182C096E008A699E /* Project object */;
			proxyType = 1;
			remoteGlobalIDString = 62B21563182C096E008A699E;
			remoteInfo = Buya;
		};
/* End PBXContainerItemProxy section */

/* Begin PBXFileReference section */
		62503F71182C46FF00269B17 /* FacebookSDK.framework */ = {isa = PBXFileReference; lastKnownFileType = wrapper.framework; path = FacebookSDK.framework; sourceTree = "<group>"; };
		62503F73182C48B200269B17 /* loginViewController.h */ = {isa = PBXFileReference; fileEncoding = 4; lastKnownFileType = sourcecode.c.h; path = loginViewController.h; sourceTree = "<group>"; };
		62503F74182C48B200269B17 /* loginViewController.m */ = {isa = PBXFileReference; fileEncoding = 4; lastKnownFileType = sourcecode.c.objc; path = loginViewController.m; sourceTree = "<group>"; };
		62503F76182C4EE300269B17 /* BeaconViewController.h */ = {isa = PBXFileReference; fileEncoding = 4; lastKnownFileType = sourcecode.c.h; path = BeaconViewController.h; sourceTree = "<group>"; };
		62503F77182C4EE300269B17 /* BeaconViewController.m */ = {isa = PBXFileReference; fileEncoding = 4; lastKnownFileType = sourcecode.c.objc; path = BeaconViewController.m; sourceTree = "<group>"; };
		62503F79182C66F200269B17 /* Settings.bundle */ = {isa = PBXFileReference; lastKnownFileType = "wrapper.plug-in"; path = Settings.bundle; sourceTree = "<group>"; };
		62B21564182C096E008A699E /* CordaWiFinder.app */ = {isa = PBXFileReference; explicitFileType = wrapper.application; includeInIndex = 0; path = CordaWiFinder.app; sourceTree = BUILT_PRODUCTS_DIR; };
		62B21567182C096E008A699E /* Foundation.framework */ = {isa = PBXFileReference; lastKnownFileType = wrapper.framework; name = Foundation.framework; path = System/Library/Frameworks/Foundation.framework; sourceTree = SDKROOT; };
		62B21569182C096E008A699E /* CoreGraphics.framework */ = {isa = PBXFileReference; lastKnownFileType = wrapper.framework; name = CoreGraphics.framework; path = System/Library/Frameworks/CoreGraphics.framework; sourceTree = SDKROOT; };
		62B2156B182C096E008A699E /* UIKit.framework */ = {isa = PBXFileReference; lastKnownFileType = wrapper.framework; name = UIKit.framework; path = System/Library/Frameworks/UIKit.framework; sourceTree = SDKROOT; };
		62B2156F182C096E008A699E /* Buya-Info.plist */ = {isa = PBXFileReference; lastKnownFileType = text.plist.xml; path = "Buya-Info.plist"; sourceTree = "<group>"; };
		62B21571182C096E008A699E /* en */ = {isa = PBXFileReference; lastKnownFileType = text.plist.strings; name = en; path = en.lproj/InfoPlist.strings; sourceTree = "<group>"; };
		62B21573182C096E008A699E /* main.m */ = {isa = PBXFileReference; lastKnownFileType = sourcecode.c.objc; path = main.m; sourceTree = "<group>"; };
		62B21575182C096E008A699E /* Buya-Prefix.pch */ = {isa = PBXFileReference; lastKnownFileType = sourcecode.c.h; path = "Buya-Prefix.pch"; sourceTree = "<group>"; };
		62B21576182C096E008A699E /* AppDelegate.h */ = {isa = PBXFileReference; lastKnownFileType = sourcecode.c.h; path = AppDelegate.h; sourceTree = "<group>"; };
		62B21577182C096E008A699E /* AppDelegate.m */ = {isa = PBXFileReference; lastKnownFileType = sourcecode.c.objc; path = AppDelegate.m; sourceTree = "<group>"; };
		62B2157A182C096E008A699E /* Base */ = {isa = PBXFileReference; lastKnownFileType = file.storyboard; name = Base; path = Base.lproj/Main_iPhone.storyboard; sourceTree = "<group>"; };
		62B21582182C096E008A699E /* Images.xcassets */ = {isa = PBXFileReference; lastKnownFileType = folder.assetcatalog; path = Images.xcassets; sourceTree = "<group>"; };
		62B21588182C096E008A699E /* BuyaTests.xctest */ = {isa = PBXFileReference; explicitFileType = wrapper.cfbundle; includeInIndex = 0; path = BuyaTests.xctest; sourceTree = BUILT_PRODUCTS_DIR; };
		62B21589182C096E008A699E /* XCTest.framework */ = {isa = PBXFileReference; lastKnownFileType = wrapper.framework; name = XCTest.framework; path = Library/Frameworks/XCTest.framework; sourceTree = DEVELOPER_DIR; };
		62B21591182C096E008A699E /* BuyaTests-Info.plist */ = {isa = PBXFileReference; lastKnownFileType = text.plist.xml; path = "BuyaTests-Info.plist"; sourceTree = "<group>"; };
		62B21593182C096E008A699E /* en */ = {isa = PBXFileReference; lastKnownFileType = text.plist.strings; name = en; path = en.lproj/InfoPlist.strings; sourceTree = "<group>"; };
		62B21595182C096E008A699E /* BuyaTests.m */ = {isa = PBXFileReference; lastKnownFileType = sourcecode.c.objc; path = BuyaTests.m; sourceTree = "<group>"; };
		62B2159F182C120F008A699E /* connectivityObj.h */ = {isa = PBXFileReference; fileEncoding = 4; lastKnownFileType = sourcecode.c.h; path = connectivityObj.h; sourceTree = "<group>"; };
		62B215A0182C120F008A699E /* connectivityObj.m */ = {isa = PBXFileReference; fileEncoding = 4; lastKnownFileType = sourcecode.c.objc; path = connectivityObj.m; sourceTree = "<group>"; };
		62B215A2182C1226008A699E /* SystemConfiguration.framework */ = {isa = PBXFileReference; lastKnownFileType = wrapper.framework; name = SystemConfiguration.framework; path = System/Library/Frameworks/SystemConfiguration.framework; sourceTree = SDKROOT; };
		62B215A4182C185B008A699E /* CoreLocation.framework */ = {isa = PBXFileReference; lastKnownFileType = wrapper.framework; name = CoreLocation.framework; path = System/Library/Frameworks/CoreLocation.framework; sourceTree = SDKROOT; };
/* End PBXFileReference section */

/* Begin PBXFrameworksBuildPhase section */
		62B21561182C096E008A699E /* Frameworks */ = {
			isa = PBXFrameworksBuildPhase;
			buildActionMask = 2147483647;
			files = (
				62B215A5182C185B008A699E /* CoreLocation.framework in Frameworks */,
				62B215A3182C1226008A699E /* SystemConfiguration.framework in Frameworks */,
				62B2156A182C096E008A699E /* CoreGraphics.framework in Frameworks */,
				62B2156C182C096E008A699E /* UIKit.framework in Frameworks */,
				62B21568182C096E008A699E /* Foundation.framework in Frameworks */,
				62503F72182C46FF00269B17 /* FacebookSDK.framework in Frameworks */,
			);
			runOnlyForDeploymentPostprocessing = 0;
		};
		62B21585182C096E008A699E /* Frameworks */ = {
			isa = PBXFrameworksBuildPhase;
			buildActionMask = 2147483647;
			files = (
				62B2158A182C096E008A699E /* XCTest.framework in Frameworks */,
				62B2158C182C096E008A699E /* UIKit.framework in Frameworks */,
				62B2158B182C096E008A699E /* Foundation.framework in Frameworks */,
			);
			runOnlyForDeploymentPostprocessing = 0;
		};
/* End PBXFrameworksBuildPhase section */

/* Begin PBXGroup section */
		62B2155B182C096E008A699E = {
			isa = PBXGroup;
			children = (
				62503F79182C66F200269B17 /* Settings.bundle */,
				62B2156D182C096E008A699E /* Buya */,
				62B2158F182C096E008A699E /* BuyaTests */,
				62B21566182C096E008A699E /* Frameworks */,
				62B21565182C096E008A699E /* Products */,
			);
			sourceTree = "<group>";
		};
		62B21565182C096E008A699E /* Products */ = {
			isa = PBXGroup;
			children = (
				62B21564182C096E008A699E /* CordaWiFinder.app */,
				62B21588182C096E008A699E /* BuyaTests.xctest */,
			);
			name = Products;
			sourceTree = "<group>";
		};
		62B21566182C096E008A699E /* Frameworks */ = {
			isa = PBXGroup;
			children = (
				62503F71182C46FF00269B17 /* FacebookSDK.framework */,
				62B215A4182C185B008A699E /* CoreLocation.framework */,
				62B215A2182C1226008A699E /* SystemConfiguration.framework */,
				62B21567182C096E008A699E /* Foundation.framework */,
				62B21569182C096E008A699E /* CoreGraphics.framework */,
				62B2156B182C096E008A699E /* UIKit.framework */,
				62B21589182C096E008A699E /* XCTest.framework */,
			);
			name = Frameworks;
			sourceTree = "<group>";
		};
		62B2156D182C096E008A699E /* Buya */ = {
			isa = PBXGroup;
			children = (
				62B21576182C096E008A699E /* AppDelegate.h */,
				62B21577182C096E008A699E /* AppDelegate.m */,
				62B21579182C096E008A699E /* Main_iPhone.storyboard */,
				62503F76182C4EE300269B17 /* BeaconViewController.h */,
				62503F77182C4EE300269B17 /* BeaconViewController.m */,
				62503F73182C48B200269B17 /* loginViewController.h */,
				62503F74182C48B200269B17 /* loginViewController.m */,
				62B21582182C096E008A699E /* Images.xcassets */,
				62B2156E182C096E008A699E /* Supporting Files */,
				62B2159F182C120F008A699E /* connectivityObj.h */,
				62B215A0182C120F008A699E /* connectivityObj.m */,
			);
			path = Buya;
			sourceTree = "<group>";
		};
		62B2156E182C096E008A699E /* Supporting Files */ = {
			isa = PBXGroup;
			children = (
				62B2156F182C096E008A699E /* Buya-Info.plist */,
				62B21570182C096E008A699E /* InfoPlist.strings */,
				62B21573182C096E008A699E /* main.m */,
				62B21575182C096E008A699E /* Buya-Prefix.pch */,
			);
			name = "Supporting Files";
			sourceTree = "<group>";
		};
		62B2158F182C096E008A699E /* BuyaTests */ = {
			isa = PBXGroup;
			children = (
				62B21595182C096E008A699E /* BuyaTests.m */,
				62B21590182C096E008A699E /* Supporting Files */,
			);
			path = BuyaTests;
			sourceTree = "<group>";
		};
		62B21590182C096E008A699E /* Supporting Files */ = {
			isa = PBXGroup;
			children = (
				62B21591182C096E008A699E /* BuyaTests-Info.plist */,
				62B21592182C096E008A699E /* InfoPlist.strings */,
			);
			name = "Supporting Files";
			sourceTree = "<group>";
		};
/* End PBXGroup section */

/* Begin PBXNativeTarget section */
		62B21563182C096E008A699E /* Buya */ = {
			isa = PBXNativeTarget;
			buildConfigurationList = 62B21599182C096E008A699E /* Build configuration list for PBXNativeTarget "Buya" */;
			buildPhases = (
				62B21560182C096E008A699E /* Sources */,
				62B21561182C096E008A699E /* Frameworks */,
				62B21562182C096E008A699E /* Resources */,
			);
			buildRules = (
			);
			dependencies = (
			);
			name = Buya;
			productName = Buya;
			productReference = 62B21564182C096E008A699E /* CordaWiFinder.app */;
			productType = "com.apple.product-type.application";
		};
		62B21587182C096E008A699E /* BuyaTests */ = {
			isa = PBXNativeTarget;
			buildConfigurationList = 62B2159C182C096E008A699E /* Build configuration list for PBXNativeTarget "BuyaTests" */;
			buildPhases = (
				62B21584182C096E008A699E /* Sources */,
				62B21585182C096E008A699E /* Frameworks */,
				62B21586182C096E008A699E /* Resources */,
			);
			buildRules = (
			);
			dependencies = (
				62B2158E182C096E008A699E /* PBXTargetDependency */,
			);
			name = BuyaTests;
			productName = BuyaTests;
			productReference = 62B21588182C096E008A699E /* BuyaTests.xctest */;
			productType = "com.apple.product-type.bundle.unit-test";
		};
/* End PBXNativeTarget section */

/* Begin PBXProject section */
		62B2155C182C096E008A699E /* Project object */ = {
			isa = PBXProject;
			attributes = {
				LastUpgradeCheck = 0500;
				ORGANIZATIONNAME = Youbba;
				TargetAttributes = {
					62B21587182C096E008A699E = {
						TestTargetID = 62B21563182C096E008A699E;
					};
				};
			};
			buildConfigurationList = 62B2155F182C096E008A699E /* Build configuration list for PBXProject "Buya" */;
			compatibilityVersion = "Xcode 3.2";
			developmentRegion = English;
			hasScannedForEncodings = 0;
			knownRegions = (
				en,
				Base,
			);
			mainGroup = 62B2155B182C096E008A699E;
			productRefGroup = 62B21565182C096E008A699E /* Products */;
			projectDirPath = "";
			projectRoot = "";
			targets = (
				62B21563182C096E008A699E /* Buya */,
				62B21587182C096E008A699E /* BuyaTests */,
			);
		};
/* End PBXProject section */

/* Begin PBXResourcesBuildPhase section */
		62B21562182C096E008A699E /* Resources */ = {
			isa = PBXResourcesBuildPhase;
			buildActionMask = 2147483647;
			files = (
				62503F7A182C66F200269B17 /* Settings.bundle in Resources */,
				62B21583182C096E008A699E /* Images.xcassets in Resources */,
				62B2157B182C096E008A699E /* Main_iPhone.storyboard in Resources */,
				62B21572182C096E008A699E /* InfoPlist.strings in Resources */,
			);
			runOnlyForDeploymentPostprocessing = 0;
		};
		62B21586182C096E008A699E /* Resources */ = {
			isa = PBXResourcesBuildPhase;
			buildActionMask = 2147483647;
			files = (
				62B21594182C096E008A699E /* InfoPlist.strings in Resources */,
			);
			runOnlyForDeploymentPostprocessing = 0;
		};
/* End PBXResourcesBuildPhase section */

/* Begin PBXSourcesBuildPhase section */
		62B21560182C096E008A699E /* Sources */ = {
			isa = PBXSourcesBuildPhase;
			buildActionMask = 2147483647;
			files = (
				62503F75182C48B200269B17 /* loginViewController.m in Sources */,
				62503F78182C4EE300269B17 /* BeaconViewController.m in Sources */,
				62B21578182C096E008A699E /* AppDelegate.m in Sources */,
				62B215A1182C120F008A699E /* connectivityObj.m in Sources */,
				62B21574182C096E008A699E /* main.m in Sources */,
			);
			runOnlyForDeploymentPostprocessing = 0;
		};
		62B21584182C096E008A699E /* Sources */ = {
			isa = PBXSourcesBuildPhase;
			buildActionMask = 2147483647;
			files = (
				62B21596182C096E008A699E /* BuyaTests.m in Sources */,
			);
			runOnlyForDeploymentPostprocessing = 0;
		};
/* End PBXSourcesBuildPhase section */

/* Begin PBXTargetDependency section */
		62B2158E182C096E008A699E /* PBXTargetDependency */ = {
			isa = PBXTargetDependency;
			target = 62B21563182C096E008A699E /* Buya */;
			targetProxy = 62B2158D182C096E008A699E /* PBXContainerItemProxy */;
		};
/* End PBXTargetDependency section */

/* Begin PBXVariantGroup section */
		62B21570182C096E008A699E /* InfoPlist.strings */ = {
			isa = PBXVariantGroup;
			children = (
				62B21571182C096E008A699E /* en */,
			);
			name = InfoPlist.strings;
			sourceTree = "<group>";
		};
		62B21579182C096E008A699E /* Main_iPhone.storyboard */ = {
			isa = PBXVariantGroup;
			children = (
				62B2157A182C096E008A699E /* Base */,
			);
			name = Main_iPhone.storyboard;
			sourceTree = "<group>";
		};
		62B21592182C096E008A699E /* InfoPlist.strings */ = {
			isa = PBXVariantGroup;
			children = (
				62B21593182C096E008A699E /* en */,
			);
			name = InfoPlist.strings;
			sourceTree = "<group>";
		};
/* End PBXVariantGroup section */

/* Begin XCBuildConfiguration section */
		62B21597182C096E008A699E /* Debug */ = {
			isa = XCBuildConfiguration;
			buildSettings = {
				ALWAYS_SEARCH_USER_PATHS = NO;
				ARCHS = "$(ARCHS_STANDARD_INCLUDING_64_BIT)";
				CLANG_CXX_LANGUAGE_STANDARD = "gnu++0x";
				CLANG_CXX_LIBRARY = "libc++";
				CLANG_ENABLE_MODULES = YES;
				CLANG_ENABLE_OBJC_ARC = YES;
				CLANG_WARN_BOOL_CONVERSION = YES;
				CLANG_WARN_CONSTANT_CONVERSION = YES;
				CLANG_WARN_DIRECT_OBJC_ISA_USAGE = YES_ERROR;
				CLANG_WARN_EMPTY_BODY = YES;
				CLANG_WARN_ENUM_CONVERSION = YES;
				CLANG_WARN_INT_CONVERSION = YES;
				CLANG_WARN_OBJC_ROOT_CLASS = YES_ERROR;
				CLANG_WARN__DUPLICATE_METHOD_MATCH = YES;
				"CODE_SIGN_IDENTITY[sdk=iphoneos*]" = "iPhone Developer";
				COPY_PHASE_STRIP = NO;
				GCC_C_LANGUAGE_STANDARD = gnu99;
				GCC_DYNAMIC_NO_PIC = NO;
				GCC_OPTIMIZATION_LEVEL = 0;
				GCC_PREPROCESSOR_DEFINITIONS = (
					"DEBUG=1",
					"$(inherited)",
				);
				GCC_SYMBOLS_PRIVATE_EXTERN = NO;
				GCC_WARN_64_TO_32_BIT_CONVERSION = YES;
				GCC_WARN_ABOUT_RETURN_TYPE = YES_ERROR;
				GCC_WARN_UNDECLARED_SELECTOR = YES;
				GCC_WARN_UNINITIALIZED_AUTOS = YES;
				GCC_WARN_UNUSED_FUNCTION = YES;
				GCC_WARN_UNUSED_VARIABLE = YES;
				IPHONEOS_DEPLOYMENT_TARGET = 7.0;
				ONLY_ACTIVE_ARCH = YES;
				SDKROOT = iphoneos;
				TARGETED_DEVICE_FAMILY = "1,2";
			};
			name = Debug;
		};
		62B21598182C096E008A699E /* Release */ = {
			isa = XCBuildConfiguration;
			buildSettings = {
				ALWAYS_SEARCH_USER_PATHS = NO;
				ARCHS = "$(ARCHS_STANDARD_INCLUDING_64_BIT)";
				CLANG_CXX_LANGUAGE_STANDARD = "gnu++0x";
				CLANG_CXX_LIBRARY = "libc++";
				CLANG_ENABLE_MODULES = YES;
				CLANG_ENABLE_OBJC_ARC = YES;
				CLANG_WARN_BOOL_CONVERSION = YES;
				CLANG_WARN_CONSTANT_CONVERSION = YES;
				CLANG_WARN_DIRECT_OBJC_ISA_USAGE = YES_ERROR;
				CLANG_WARN_EMPTY_BODY = YES;
				CLANG_WARN_ENUM_CONVERSION = YES;
				CLANG_WARN_INT_CONVERSION = YES;
				CLANG_WARN_OBJC_ROOT_CLASS = YES_ERROR;
				CLANG_WARN__DUPLICATE_METHOD_MATCH = YES;
				"CODE_SIGN_IDENTITY[sdk=iphoneos*]" = "iPhone Developer";
				COPY_PHASE_STRIP = YES;
				ENABLE_NS_ASSERTIONS = NO;
				GCC_C_LANGUAGE_STANDARD = gnu99;
				GCC_WARN_64_TO_32_BIT_CONVERSION = YES;
				GCC_WARN_ABOUT_RETURN_TYPE = YES_ERROR;
				GCC_WARN_UNDECLARED_SELECTOR = YES;
				GCC_WARN_UNINITIALIZED_AUTOS = YES;
				GCC_WARN_UNUSED_FUNCTION = YES;
				GCC_WARN_UNUSED_VARIABLE = YES;
				IPHONEOS_DEPLOYMENT_TARGET = 7.0;
				SDKROOT = iphoneos;
				TARGETED_DEVICE_FAMILY = "1,2";
				VALIDATE_PRODUCT = YES;
			};
			name = Release;
		};
		62B2159A182C096E008A699E /* Debug */ = {
			isa = XCBuildConfiguration;
			buildSettings = {
				ASSETCATALOG_COMPILER_APPICON_NAME = AppIcon;
				ASSETCATALOG_COMPILER_LAUNCHIMAGE_NAME = LaunchImage;
				FRAMEWORK_SEARCH_PATHS = (
					"$(inherited)",
					/Users/roberto/Documents/iOS/Buya,
				);
				GCC_PRECOMPILE_PREFIX_HEADER = YES;
				GCC_PREFIX_HEADER = "Buya/Buya-Prefix.pch";
				INFOPLIST_FILE = "Buya/Buya-Info.plist";
				IPHONEOS_DEPLOYMENT_TARGET = 7.0;
				PRODUCT_NAME = CordaWiFinder;
				TARGETED_DEVICE_FAMILY = 1;
				WRAPPER_EXTENSION = app;
			};
			name = Debug;
		};
		62B2159B182C096E008A699E /* Release */ = {
			isa = XCBuildConfiguration;
			buildSettings = {
				ASSETCATALOG_COMPILER_APPICON_NAME = AppIcon;
				ASSETCATALOG_COMPILER_LAUNCHIMAGE_NAME = LaunchImage;
				FRAMEWORK_SEARCH_PATHS = (
					"$(inherited)",
					/Users/roberto/Documents/iOS/Buya,
				);
				GCC_PRECOMPILE_PREFIX_HEADER = YES;
				GCC_PREFIX_HEADER = "Buya/Buya-Prefix.pch";
				INFOPLIST_FILE = "Buya/Buya-Info.plist";
				IPHONEOS_DEPLOYMENT_TARGET = 7.0;
				PRODUCT_NAME = CordaWiFinder;
				TARGETED_DEVICE_FAMILY = 1;
				WRAPPER_EXTENSION = app;
			};
			name = Release;
		};
		62B2159D182C096E008A699E /* Debug */ = {
			isa = XCBuildConfiguration;
			buildSettings = {
				ARCHS = "$(ARCHS_STANDARD_INCLUDING_64_BIT)";
				BUNDLE_LOADER = "$(BUILT_PRODUCTS_DIR)/Buya.app/Buya";
				FRAMEWORK_SEARCH_PATHS = (
					"$(SDKROOT)/Developer/Library/Frameworks",
					"$(inherited)",
					"$(DEVELOPER_FRAMEWORKS_DIR)",
				);
				GCC_PRECOMPILE_PREFIX_HEADER = YES;
				GCC_PREFIX_HEADER = "Buya/Buya-Prefix.pch";
				GCC_PREPROCESSOR_DEFINITIONS = (
					"DEBUG=1",
					"$(inherited)",
				);
				INFOPLIST_FILE = "BuyaTests/BuyaTests-Info.plist";
				PRODUCT_NAME = "$(TARGET_NAME)";
				TEST_HOST = "$(BUNDLE_LOADER)";
				WRAPPER_EXTENSION = xctest;
			};
			name = Debug;
		};
		62B2159E182C096E008A699E /* Release */ = {
			isa = XCBuildConfiguration;
			buildSettings = {
				ARCHS = "$(ARCHS_STANDARD_INCLUDING_64_BIT)";
				BUNDLE_LOADER = "$(BUILT_PRODUCTS_DIR)/Buya.app/Buya";
				FRAMEWORK_SEARCH_PATHS = (
					"$(SDKROOT)/Developer/Library/Frameworks",
					"$(inherited)",
					"$(DEVELOPER_FRAMEWORKS_DIR)",
				);
				GCC_PRECOMPILE_PREFIX_HEADER = YES;
				GCC_PREFIX_HEADER = "Buya/Buya-Prefix.pch";
				INFOPLIST_FILE = "BuyaTests/BuyaTests-Info.plist";
				PRODUCT_NAME = "$(TARGET_NAME)";
				TEST_HOST = "$(BUNDLE_LOADER)";
				WRAPPER_EXTENSION = xctest;
			};
			name = Release;
		};
/* End XCBuildConfiguration section */

/* Begin XCConfigurationList section */
		62B2155F182C096E008A699E /* Build configuration list for PBXProject "Buya" */ = {
			isa = XCConfigurationList;
			buildConfigurations = (
				62B21597182C096E008A699E /* Debug */,
				62B21598182C096E008A699E /* Release */,
			);
			defaultConfigurationIsVisible = 0;
			defaultConfigurationName = Release;
		};
		62B21599182C096E008A699E /* Build configuration list for PBXNativeTarget "Buya" */ = {
			isa = XCConfigurationList;
			buildConfigurations = (
				62B2159A182C096E008A699E /* Debug */,
				62B2159B182C096E008A699E /* Release */,
			);
			defaultConfigurationIsVisible = 0;
			defaultConfigurationName = Release;
		};
		62B2159C182C096E008A699E /* Build configuration list for PBXNativeTarget "BuyaTests" */ = {
			isa = XCConfigurationList;
			buildConfigurations = (
				62B2159D182C096E008A699E /* Debug */,
				62B2159E182C096E008A699E /* Release */,
			);
			defaultConfigurationIsVisible = 0;
			defaultConfigurationName = Release;
		};
/* End XCConfigurationList section */
	};
	rootObject = 62B2155C182C096E008A699E /* Project object */;
}
